# This file is autogenerated, do not edit; changes may be undone by the next 'dep ensure'.


[[projects]]
  branch = "master"
  name = "github.com/gdamore/encoding"
  packages = ["."]
  revision = "b23993cbb6353f0e6aa98d0ee318a34728f628b9"

[[projects]]
  name = "github.com/gdamore/tcell"
  packages = [
    ".",
    "encoding"
  ]
  revision = "0a0db94084dfe181108c18508ebd312f12d331fb"

[[projects]]
  name = "github.com/lucasb-eyer/go-colorful"
  packages = ["."]
  revision = "c900de9dbbc73129068f5af6a823068fc5f2308c"

[[projects]]
  name = "github.com/mattn/go-isatty"
  packages = ["."]
  revision = "66b8e73f3f5cda9f96b69efd03dd3d7fc4a5cdb8"

[[projects]]
  name = "github.com/mattn/go-runewidth"
  packages = ["."]
  revision = "14207d285c6c197daabb5c9793d63e7af9ab2d50"

[[projects]]
  name = "github.com/mattn/go-shellwords"
  packages = ["."]
  revision = "02e3cf038dcea8290e44424da473dd12be796a8a"
  version = "v1.0.3"

[[projects]]
  name = "golang.org/x/crypto"
  packages = ["ssh/terminal"]
  revision = "e1a4589e7d3ea14a3352255d04b6f1a418845e5e"

[[projects]]
  name = "golang.org/x/sys"
  packages = ["unix"]
  revision = "b90f89a1e7a9c1f6b918820b3daa7f08488c8594"

[[projects]]
  name = "golang.org/x/text"
  packages = [
    "encoding",
    "encoding/charmap",
    "encoding/internal",
    "encoding/internal/identifier",
    "encoding/japanese",
    "encoding/korean",
    "encoding/simplifiedchinese",
    "encoding/traditionalchinese",
    "internal/gen",
    "transform",
    "unicode/cldr"
  ]
  revision = "4ee4af566555f5fbe026368b75596286a312663a"

[solve-meta]
  analyzer-name = "dep"
  analyzer-version = 1
  inputs-digest = "96b014630c98c398f6b760297a292124db94f21b661b34fe4ad07fbed74cdea1"
  solver-name = "gps-cdcl"
  solver-version = 1
